Microsoft Visual Studio Solution File, Format Version 12.00
# Visual Studio Version 17
VisualStudioVersion = 17.5.2.0
MinimumVisualStudioVersion = 10.0.40219.1
Project("{FAE04EC0-301F-11D3-BF4B-00C04F79EFBC}") = "TheBackyard", "TheBackyard.csproj", "{27D2EB33-D03D-C338-9D3A-7C23E30628BC}"
EndProject
Global
	GlobalSection(SolutionConfigurationPlatforms) = preSolution
		Debug|Any CPU = Debug|Any CPU
		Release|Any CPU = Release|Any CPU
	EndGlobalSection
	GlobalSection(ProjectConfigurationPlatforms) = postSolution
		{27D2EB33-D03D-C338-9D3A-7C23E30628BC}.Debug|Any CPU.ActiveCfg = Debug|Any CPU
		{27D2EB33-D03D-C338-9D3A-7C23E30628BC}.Debug|Any CPU.Build.0 = Debug|Any CPU
		{27D2EB33-D03D-C338-9D3A-7C23E30628BC}.Release|Any CPU.ActiveCfg = Release|Any CPU
		{27D2EB33-D03D-C338-9D3A-7C23E30628BC}.Release|Any CPU.Build.0 = Release|Any CPU
	EndGlobalSection
	GlobalSection(SolutionProperties) = preSolution
		HideSolutionNode = FALSE
	EndGlobalSection
	GlobalSection(ExtensibilityGlobals) = postSolution
		SolutionGuid = {17D3D038-A324-45C2-BBBE-B7C27922F868}
	EndGlobalSection
EndGlobal
