
Microsoft Visual Studio Solution File, Format Version 12.00
# Visual Studio Version 17
VisualStudioVersion = 17.5.2.0
MinimumVisualStudioVersion = 10.0.40219.1
Project("{2150E333-8FDC-42A3-9474-1A3956D46DE8}") = "MonoGameLib", "MonoGameLib", "{8DB872BD-43F4-655E-443F-808CCD67BAB0}"
EndProject
Project("{2150E333-8FDC-42A3-9474-1A3956D46DE8}") = "src", "src", "{1FCD39F2-0B0C-7EC6-7ABB-80547BFFFF57}"
EndProject
Project("{FAE04EC0-301F-11D3-BF4B-00C04F79EFBC}") = "TheBackyard.MonogameLib", "MonoGameLib\src\TheBackyard.MonogameLib.csproj", "{D5F2767D-6E4F-4CC3-8077-49B7696AC896}"
EndProject
Global
	GlobalSection(SolutionConfigurationPlatforms) = preSolution
		Debug|Any CPU = Debug|Any CPU
		Debug|x64 = Debug|x64
		Debug|x86 = Debug|x86
		Release|Any CPU = Release|Any CPU
		Release|x64 = Release|x64
		Release|x86 = Release|x86
	EndGlobalSection
	GlobalSection(ProjectConfigurationPlatforms) = postSolution
		{D5F2767D-6E4F-4CC3-8077-49B7696AC896}.Debug|Any CPU.ActiveCfg = Debug|Any CPU
		{D5F2767D-6E4F-4CC3-8077-49B7696AC896}.Debug|Any CPU.Build.0 = Debug|Any CPU
		{D5F2767D-6E4F-4CC3-8077-49B7696AC896}.Debug|x64.ActiveCfg = Debug|Any CPU
		{D5F2767D-6E4F-4CC3-8077-49B7696AC896}.Debug|x64.Build.0 = Debug|Any CPU
		{D5F2767D-6E4F-4CC3-8077-49B7696AC896}.Debug|x86.ActiveCfg = Debug|Any CPU
		{D5F2767D-6E4F-4CC3-8077-49B7696AC896}.Debug|x86.Build.0 = Debug|Any CPU
		{D5F2767D-6E4F-4CC3-8077-49B7696AC896}.Release|Any CPU.ActiveCfg = Release|Any CPU
		{D5F2767D-6E4F-4CC3-8077-49B7696AC896}.Release|Any CPU.Build.0 = Release|Any CPU
		{D5F2767D-6E4F-4CC3-8077-49B7696AC896}.Release|x64.ActiveCfg = Release|Any CPU
		{D5F2767D-6E4F-4CC3-8077-49B7696AC896}.Release|x64.Build.0 = Release|Any CPU
		{D5F2767D-6E4F-4CC3-8077-49B7696AC896}.Release|x86.ActiveCfg = Release|Any CPU
		{D5F2767D-6E4F-4CC3-8077-49B7696AC896}.Release|x86.Build.0 = Release|Any CPU
	EndGlobalSection
	GlobalSection(SolutionProperties) = preSolution
		HideSolutionNode = FALSE
	EndGlobalSection
	GlobalSection(NestedProjects) = preSolution
		{1FCD39F2-0B0C-7EC6-7ABB-80547BFFFF57} = {8DB872BD-43F4-655E-443F-808CCD67BAB0}
		{D5F2767D-6E4F-4CC3-8077-49B7696AC896} = {1FCD39F2-0B0C-7EC6-7ABB-80547BFFFF57}
	EndGlobalSection
	GlobalSection(ExtensibilityGlobals) = postSolution
		SolutionGuid = {17D3D038-A324-45C2-BBBE-B7C27922F868}
	EndGlobalSection
EndGlobal
